
Microsoft Visual Studio Solution File, Format Version 12.00
# Visual Studio Version 17
VisualStudioVersion = 17.5.33424.131
MinimumVisualStudioVersion = 10.0.40219.1
Project("{F184B08F-C81C-45F6-A57F-5ABD9991F28F}") = "RippleSort", "RippleSort\RippleSort.vbproj", "{50237303-2285-49F6-8BCF-7BBDBBF7F46D}"
EndProject
Global
	GlobalSection(SolutionConfigurationPlatforms) = preSolution
		Debug|Any CPU = Debug|Any CPU
		Release|Any CPU = Release|Any CPU
	EndGlobalSection
	GlobalSection(ProjectConfigurationPlatforms) = postSolution
		{50237303-2285-49F6-8BCF-7BBDBBF7F46D}.Debug|Any CPU.ActiveCfg = Debug|Any CPU
		{50237303-2285-49F6-8BCF-7BBDBBF7F46D}.Debug|Any CPU.Build.0 = Debug|Any CPU
		{50237303-2285-49F6-8BCF-7BBDBBF7F46D}.Release|Any CPU.ActiveCfg = Release|Any CPU
		{50237303-2285-49F6-8BCF-7BBDBBF7F46D}.Release|Any CPU.Build.0 = Release|Any CPU
	EndGlobalSection
	GlobalSection(SolutionProperties) = preSolution
		HideSolutionNode = FALSE
	EndGlobalSection
	GlobalSection(ExtensibilityGlobals) = postSolution
		SolutionGuid = {7D32CA93-4C39-4D07-AD5E-1EC871D13892}
	EndGlobalSection
EndGlobal
